schema: '2.0'
stages:
  data_ingestion:
    cmd: python src/data/data_ingestion.py
    deps:
    - path: data/external/fraudTest.csv
      hash: md5
      md5: 692357a2589a1a6fcd44f14b3e1f9d2c
      size: 150354339
    - path: data/external/fraudTrain.csv
      hash: md5
      md5: 9723893e5492dc0551036edcf596e284
      size: 351238196
    - path: src/data/data_ingestion.py
      hash: md5
      md5: 054b8cd307ee05736e18c5acc3e212cc
      size: 2498
    outs:
    - path: data/raw/test.csv
      hash: md5
      md5: 0ee3c86fa2fb88e77c1a7f780fa2bd60
      size: 148954728
    - path: data/raw/train.csv
      hash: md5
      md5: 3f43d5a6aab3b5d0b5bc2676e3626496
      size: 347981313
  data_preprocessing:
    cmd: python src/data/data_preprocessing.py
    deps:
    - path: data/raw/test.csv
      hash: md5
      md5: 0ee3c86fa2fb88e77c1a7f780fa2bd60
      size: 148954728
    - path: data/raw/train.csv
      hash: md5
      md5: 3f43d5a6aab3b5d0b5bc2676e3626496
      size: 347981313
    - path: src/data/data_preprocessing.py
      hash: md5
      md5: 34929303089608644d9a383d494083a4
      size: 3843
    outs:
    - path: data/interim/test_cleaned.csv
      hash: md5
      md5: d498e24732f8c99619da358f3571c58a
      size: 124309161
    - path: data/interim/train_cleaned.csv
      hash: md5
      md5: 029b90407907cf52563098f3915d8b53
      size: 290490876
